// !$*UTF8*$!
{
	archiveVersion = 1;
	classes = {
	};
	objectVersion = 56;
	objects = {

/* Begin PBXBuildFile section */
		1E0AFFD72AD82112005ED146 /* NotificationView.swift in Sources */ = {isa = PBXBuildFile; fileRef = 1E0AFFD62AD82112005ED146 /* NotificationView.swift */; };
		1E0AFFD92AD8211F005ED146 /* NotificationViewModel.swift in Sources */ = {isa = PBXBuildFile; fileRef = 1E0AFFD82AD8211F005ED146 /* NotificationViewModel.swift */; };
		1E0AFFDB2AD8230E005ED146 /* NotificationDetailView.swift in Sources */ = {isa = PBXBuildFile; fileRef = 1E0AFFDA2AD8230E005ED146 /* NotificationDetailView.swift */; };
		1E0AFFDD2AD82321005ED146 /* NotificationDetailViewModel.swift in Sources */ = {isa = PBXBuildFile; fileRef = 1E0AFFDC2AD82321005ED146 /* NotificationDetailViewModel.swift */; };
		1E0AFFE02AD826E3005ED146 /* AktivasiRekeningBaruView.swift in Sources */ = {isa = PBXBuildFile; fileRef = 1E0AFFDF2AD826E3005ED146 /* AktivasiRekeningBaruView.swift */; };
		1E0AFFE22AD826EF005ED146 /* AktivasiRekeningBaruViewModel.swift in Sources */ = {isa = PBXBuildFile; fileRef = 1E0AFFE12AD826EF005ED146 /* AktivasiRekeningBaruViewModel.swift */; };
		1E847AED2ACCF8280010CBAC /* lakupandaiApp.swift in Sources */ = {isa = PBXBuildFile; fileRef = 1E847AEC2ACCF8280010CBAC /* lakupandaiApp.swift */; };
		1E847AEF2ACCF8280010CBAC /* ContentView.swift in Sources */ = {isa = PBXBuildFile; fileRef = 1E847AEE2ACCF8280010CBAC /* ContentView.swift */; };
		1E847AF12ACCF82B0010CBAC /* Assets.xcassets in Resources */ = {isa = PBXBuildFile; fileRef = 1E847AF02ACCF82B0010CBAC /* Assets.xcassets */; };
		1E847AF42ACCF82B0010CBAC /* Preview Assets.xcassets in Resources */ = {isa = PBXBuildFile; fileRef = 1E847AF32ACCF82B0010CBAC /* Preview Assets.xcassets */; };
		1E847AFC2ACD10F00010CBAC /* TripleDES.swift in Sources */ = {isa = PBXBuildFile; fileRef = 1E847AFB2ACD10F00010CBAC /* TripleDES.swift */; };
		1E847AFE2ACD110A0010CBAC /* ConstantTransaction.swift in Sources */ = {isa = PBXBuildFile; fileRef = 1E847AFD2ACD110A0010CBAC /* ConstantTransaction.swift */; };
		1E847B002ACD113C0010CBAC /* ConstantError.swift in Sources */ = {isa = PBXBuildFile; fileRef = 1E847AFF2ACD113C0010CBAC /* ConstantError.swift */; };
		1E847B022ACD11490010CBAC /* Constant.swift in Sources */ = {isa = PBXBuildFile; fileRef = 1E847B012ACD11490010CBAC /* Constant.swift */; };
		1E847B052ACD11840010CBAC /* ApiService.swift in Sources */ = {isa = PBXBuildFile; fileRef = 1E847B042ACD11840010CBAC /* ApiService.swift */; };
		1E847B092ACD159F0010CBAC /* NavigationDrawer.swift in Sources */ = {isa = PBXBuildFile; fileRef = 1E847B082ACD159F0010CBAC /* NavigationDrawer.swift */; };
		1E847B0C2ACD16190010CBAC /* HomeView.swift in Sources */ = {isa = PBXBuildFile; fileRef = 1E847B0B2ACD16190010CBAC /* HomeView.swift */; };
		1E847B0E2ACD16220010CBAC /* HomeViewModel.swift in Sources */ = {isa = PBXBuildFile; fileRef = 1E847B0D2ACD16220010CBAC /* HomeViewModel.swift */; };
		1E847B102ACE4C5C0010CBAC /* SingleMenu.swift in Sources */ = {isa = PBXBuildFile; fileRef = 1E847B0F2ACE4C5C0010CBAC /* SingleMenu.swift */; };
		1E847B122ACE4F480010CBAC /* ImageSlider.swift in Sources */ = {isa = PBXBuildFile; fileRef = 1E847B112ACE4F480010CBAC /* ImageSlider.swift */; };
		1E847B162ACE50290010CBAC /* UIScreen+Extension.swift in Sources */ = {isa = PBXBuildFile; fileRef = 1E847B152ACE50290010CBAC /* UIScreen+Extension.swift */; };
		1E847B1A2ACEB3C30010CBAC /* DrawerViewModel.swift in Sources */ = {isa = PBXBuildFile; fileRef = 1E847B192ACEB3C30010CBAC /* DrawerViewModel.swift */; };
		1E847B1C2ACEB3E20010CBAC /* Drawer.swift in Sources */ = {isa = PBXBuildFile; fileRef = 1E847B1B2ACEB3E20010CBAC /* Drawer.swift */; };
/* End PBXBuildFile section */

/* Begin PBXFileReference section */
		1E0AFFD62AD82112005ED146 /* NotificationView.swift */ = {isa = PBXFileReference; lastKnownFileType = sourcecode.swift; path = NotificationView.swift; sourceTree = "<group>"; };
		1E0AFFD82AD8211F005ED146 /* NotificationViewModel.swift */ = {isa = PBXFileReference; lastKnownFileType = sourcecode.swift; path = NotificationViewModel.swift; sourceTree = "<group>"; };
		1E0AFFDA2AD8230E005ED146 /* NotificationDetailView.swift */ = {isa = PBXFileReference; lastKnownFileType = sourcecode.swift; path = NotificationDetailView.swift; sourceTree = "<group>"; };
		1E0AFFDC2AD82321005ED146 /* NotificationDetailViewModel.swift */ = {isa = PBXFileReference; lastKnownFileType = sourcecode.swift; path = NotificationDetailViewModel.swift; sourceTree = "<group>"; };
		1E0AFFDF2AD826E3005ED146 /* AktivasiRekeningBaruView.swift */ = {isa = PBXFileReference; lastKnownFileType = sourcecode.swift; path = AktivasiRekeningBaruView.swift; sourceTree = "<group>"; };
		1E0AFFE12AD826EF005ED146 /* AktivasiRekeningBaruViewModel.swift */ = {isa = PBXFileReference; lastKnownFileType = sourcecode.swift; path = AktivasiRekeningBaruViewModel.swift; sourceTree = "<group>"; };
		1E847AE92ACCF8280010CBAC /* lakupandai.app */ = {isa = PBXFileReference; explicitFileType = wrapper.application; includeInIndex = 0; path = lakupandai.app; sourceTree = BUILT_PRODUCTS_DIR; };
		1E847AEC2ACCF8280010CBAC /* lakupandaiApp.swift */ = {isa = PBXFileReference; lastKnownFileType = sourcecode.swift; path = lakupandaiApp.swift; sourceTree = "<group>"; };
		1E847AEE2ACCF8280010CBAC /* ContentView.swift */ = {isa = PBXFileReference; lastKnownFileType = sourcecode.swift; path = ContentView.swift; sourceTree = "<group>"; };
		1E847AF02ACCF82B0010CBAC /* Assets.xcassets */ = {isa = PBXFileReference; lastKnownFileType = folder.assetcatalog; path = Assets.xcassets; sourceTree = "<group>"; };
		1E847AF32ACCF82B0010CBAC /* Preview Assets.xcassets */ = {isa = PBXFileReference; lastKnownFileType = folder.assetcatalog; path = "Preview Assets.xcassets"; sourceTree = "<group>"; };
		1E847AFB2ACD10F00010CBAC /* TripleDES.swift */ = {isa = PBXFileReference; lastKnownFileType = sourcecode.swift; path = TripleDES.swift; sourceTree = "<group>"; };
		1E847AFD2ACD110A0010CBAC /* ConstantTransaction.swift */ = {isa = PBXFileReference; lastKnownFileType = sourcecode.swift; path = ConstantTransaction.swift; sourceTree = "<group>"; };
		1E847AFF2ACD113C0010CBAC /* ConstantError.swift */ = {isa = PBXFileReference; lastKnownFileType = sourcecode.swift; path = ConstantError.swift; sourceTree = "<group>"; };
		1E847B012ACD11490010CBAC /* Constant.swift */ = {isa = PBXFileReference; lastKnownFileType = sourcecode.swift; path = Constant.swift; sourceTree = "<group>"; };
		1E847B042ACD11840010CBAC /* ApiService.swift */ = {isa = PBXFileReference; lastKnownFileType = sourcecode.swift; path = ApiService.swift; sourceTree = "<group>"; };
		1E847B082ACD159F0010CBAC /* NavigationDrawer.swift */ = {isa = PBXFileReference; lastKnownFileType = sourcecode.swift; path = NavigationDrawer.swift; sourceTree = "<group>"; };
		1E847B0B2ACD16190010CBAC /* HomeView.swift */ = {isa = PBXFileReference; lastKnownFileType = sourcecode.swift; path = HomeView.swift; sourceTree = "<group>"; };
		1E847B0D2ACD16220010CBAC /* HomeViewModel.swift */ = {isa = PBXFileReference; lastKnownFileType = sourcecode.swift; path = HomeViewModel.swift; sourceTree = "<group>"; };
		1E847B0F2ACE4C5C0010CBAC /* SingleMenu.swift */ = {isa = PBXFileReference; lastKnownFileType = sourcecode.swift; path = SingleMenu.swift; sourceTree = "<group>"; };
		1E847B112ACE4F480010CBAC /* ImageSlider.swift */ = {isa = PBXFileReference; lastKnownFileType = sourcecode.swift; path = ImageSlider.swift; sourceTree = "<group>"; };
		1E847B152ACE50290010CBAC /* UIScreen+Extension.swift */ = {isa = PBXFileReference; lastKnownFileType = sourcecode.swift; path = "UIScreen+Extension.swift"; sourceTree = "<group>"; };
		1E847B192ACEB3C30010CBAC /* DrawerViewModel.swift */ = {isa = PBXFileReference; lastKnownFileType = sourcecode.swift; path = DrawerViewModel.swift; sourceTree = "<group>"; };
		1E847B1B2ACEB3E20010CBAC /* Drawer.swift */ = {isa = PBXFileReference; lastKnownFileType = sourcecode.swift; path = Drawer.swift; sourceTree = "<group>"; };
/* End PBXFileReference section */

/* Begin PBXFrameworksBuildPhase section */
		1E847AE62ACCF8280010CBAC /* Frameworks */ = {
			isa = PBXFrameworksBuildPhase;
			buildActionMask = 2147483647;
			files = (
			);
			runOnlyForDeploymentPostprocessing = 0;
		};
/* End PBXFrameworksBuildPhase section */

/* Begin PBXGroup section */
		1E0AFFD52AD82103005ED146 /* Notification */ = {
			isa = PBXGroup;
			children = (
				1E0AFFD62AD82112005ED146 /* NotificationView.swift */,
				1E0AFFD82AD8211F005ED146 /* NotificationViewModel.swift */,
				1E0AFFDA2AD8230E005ED146 /* NotificationDetailView.swift */,
				1E0AFFDC2AD82321005ED146 /* NotificationDetailViewModel.swift */,
			);
			path = Notification;
			sourceTree = "<group>";
		};
		1E0AFFDE2AD826C3005ED146 /* AktivasiRekeningBaru */ = {
			isa = PBXGroup;
			children = (
				1E0AFFDF2AD826E3005ED146 /* AktivasiRekeningBaruView.swift */,
				1E0AFFE12AD826EF005ED146 /* AktivasiRekeningBaruViewModel.swift */,
			);
			path = AktivasiRekeningBaru;
			sourceTree = "<group>";
		};
		1E847AE02ACCF8280010CBAC = {
			isa = PBXGroup;
			children = (
				1E847AEB2ACCF8280010CBAC /* lakupandai */,
				1E847AEA2ACCF8280010CBAC /* Products */,
			);
			sourceTree = "<group>";
		};
		1E847AEA2ACCF8280010CBAC /* Products */ = {
			isa = PBXGroup;
			children = (
				1E847AE92ACCF8280010CBAC /* lakupandai.app */,
			);
			name = Products;
			sourceTree = "<group>";
		};
		1E847AEB2ACCF8280010CBAC /* lakupandai */ = {
			isa = PBXGroup;
			children = (
				1E847B132ACE50120010CBAC /* Helper */,
				1E847B062ACD15540010CBAC /* Views */,
				1E847B032ACD11780010CBAC /* Services */,
				1E847AFA2ACD10D00010CBAC /* Utilities */,
				1E847AEC2ACCF8280010CBAC /* lakupandaiApp.swift */,
				1E847AEE2ACCF8280010CBAC /* ContentView.swift */,
				1E847AF02ACCF82B0010CBAC /* Assets.xcassets */,
				1E847AF22ACCF82B0010CBAC /* Preview Content */,
			);
			path = lakupandai;
			sourceTree = "<group>";
		};
		1E847AF22ACCF82B0010CBAC /* Preview Content */ = {
			isa = PBXGroup;
			children = (
				1E847AF32ACCF82B0010CBAC /* Preview Assets.xcassets */,
			);
			path = "Preview Content";
			sourceTree = "<group>";
		};
		1E847AFA2ACD10D00010CBAC /* Utilities */ = {
			isa = PBXGroup;
			children = (
				1E847AFB2ACD10F00010CBAC /* TripleDES.swift */,
				1E847AFD2ACD110A0010CBAC /* ConstantTransaction.swift */,
				1E847AFF2ACD113C0010CBAC /* ConstantError.swift */,
				1E847B012ACD11490010CBAC /* Constant.swift */,
			);
			path = Utilities;
			sourceTree = "<group>";
		};
		1E847B032ACD11780010CBAC /* Services */ = {
			isa = PBXGroup;
			children = (
				1E847B042ACD11840010CBAC /* ApiService.swift */,
			);
			path = Services;
			sourceTree = "<group>";
		};
		1E847B062ACD15540010CBAC /* Views */ = {
			isa = PBXGroup;
			children = (
				1E0AFFDE2AD826C3005ED146 /* AktivasiRekeningBaru */,
				1E0AFFD52AD82103005ED146 /* Notification */,
				1E847B0A2ACD160F0010CBAC /* Home */,
				1E847B072ACD15820010CBAC /* Widgets */,
			);
			path = Views;
			sourceTree = "<group>";
		};
		1E847B072ACD15820010CBAC /* Widgets */ = {
			isa = PBXGroup;
			children = (
				1E847B082ACD159F0010CBAC /* NavigationDrawer.swift */,
			);
			path = Widgets;
			sourceTree = "<group>";
		};
		1E847B0A2ACD160F0010CBAC /* Home */ = {
			isa = PBXGroup;
			children = (
				1E847B0B2ACD16190010CBAC /* HomeView.swift */,
				1E847B0D2ACD16220010CBAC /* HomeViewModel.swift */,
				1E847B0F2ACE4C5C0010CBAC /* SingleMenu.swift */,
				1E847B112ACE4F480010CBAC /* ImageSlider.swift */,
				1E847B192ACEB3C30010CBAC /* DrawerViewModel.swift */,
				1E847B1B2ACEB3E20010CBAC /* Drawer.swift */,
			);
			path = Home;
			sourceTree = "<group>";
		};
		1E847B132ACE50120010CBAC /* Helper */ = {
			isa = PBXGroup;
			children = (
				1E847B142ACE50180010CBAC /* Extensions */,
			);
			path = Helper;
			sourceTree = "<group>";
		};
		1E847B142ACE50180010CBAC /* Extensions */ = {
			isa = PBXGroup;
			children = (
				1E847B152ACE50290010CBAC /* UIScreen+Extension.swift */,
			);
			path = Extensions;
			sourceTree = "<group>";
		};
/* End PBXGroup section */

/* Begin PBXNativeTarget section */
		1E847AE82ACCF8280010CBAC /* lakupandai */ = {
			isa = PBXNativeTarget;
			buildConfigurationList = 1E847AF72ACCF82B0010CBAC /* Build configuration list for PBXNativeTarget "lakupandai" */;
			buildPhases = (
				1E847AE52ACCF8280010CBAC /* Sources */,
				1E847AE62ACCF8280010CBAC /* Frameworks */,
				1E847AE72ACCF8280010CBAC /* Resources */,
			);
			buildRules = (
			);
			dependencies = (
			);
			name = lakupandai;
			productName = lakupandai;
			productReference = 1E847AE92ACCF8280010CBAC /* lakupandai.app */;
			productType = "com.apple.product-type.application";
		};
/* End PBXNativeTarget section */

/* Begin PBXProject section */
		1E847AE12ACCF8280010CBAC /* Project object */ = {
			isa = PBXProject;
			attributes = {
				BuildIndependentTargetsInParallel = 1;
				LastSwiftUpdateCheck = 1430;
				LastUpgradeCheck = 1430;
				TargetAttributes = {
					1E847AE82ACCF8280010CBAC = {
						CreatedOnToolsVersion = 14.3.1;
					};
				};
			};
			buildConfigurationList = 1E847AE42ACCF8280010CBAC /* Build configuration list for PBXProject "lakupandai" */;
			compatibilityVersion = "Xcode 14.0";
			developmentRegion = en;
			hasScannedForEncodings = 0;
			knownRegions = (
				en,
				Base,
			);
			mainGroup = 1E847AE02ACCF8280010CBAC;
			productRefGroup = 1E847AEA2ACCF8280010CBAC /* Products */;
			projectDirPath = "";
			projectRoot = "";
			targets = (
				1E847AE82ACCF8280010CBAC /* lakupandai */,
			);
		};
/* End PBXProject section */

/* Begin PBXResourcesBuildPhase section */
		1E847AE72ACCF8280010CBAC /* Resources */ = {
			isa = PBXResourcesBuildPhase;
			buildActionMask = 2147483647;
			files = (
				1E847AF42ACCF82B0010CBAC /* Preview Assets.xcassets in Resources */,
				1E847AF12ACCF82B0010CBAC /* Assets.xcassets in Resources */,
			);
			runOnlyForDeploymentPostprocessing = 0;
		};
/* End PBXResourcesBuildPhase section */

/* Begin PBXSourcesBuildPhase section */
		1E847AE52ACCF8280010CBAC /* Sources */ = {
			isa = PBXSourcesBuildPhase;
			buildActionMask = 2147483647;
			files = (
				1E0AFFDB2AD8230E005ED146 /* NotificationDetailView.swift in Sources */,
				1E847B1A2ACEB3C30010CBAC /* DrawerViewModel.swift in Sources */,
				1E847B0C2ACD16190010CBAC /* HomeView.swift in Sources */,
				1E847AFE2ACD110A0010CBAC /* ConstantTransaction.swift in Sources */,
				1E0AFFD92AD8211F005ED146 /* NotificationViewModel.swift in Sources */,
				1E0AFFD72AD82112005ED146 /* NotificationView.swift in Sources */,
				1E847B122ACE4F480010CBAC /* ImageSlider.swift in Sources */,
				1E847B102ACE4C5C0010CBAC /* SingleMenu.swift in Sources */,
				1E847AFC2ACD10F00010CBAC /* TripleDES.swift in Sources */,
				1E847B0E2ACD16220010CBAC /* HomeViewModel.swift in Sources */,
				1E847AEF2ACCF8280010CBAC /* ContentView.swift in Sources */,
				1E847B162ACE50290010CBAC /* UIScreen+Extension.swift in Sources */,
				1E847AED2ACCF8280010CBAC /* lakupandaiApp.swift in Sources */,
				1E0AFFE02AD826E3005ED146 /* AktivasiRekeningBaruView.swift in Sources */,
				1E847B1C2ACEB3E20010CBAC /* Drawer.swift in Sources */,
				1E0AFFDD2AD82321005ED146 /* NotificationDetailViewModel.swift in Sources */,
				1E0AFFE22AD826EF005ED146 /* AktivasiRekeningBaruViewModel.swift in Sources */,
				1E847B002ACD113C0010CBAC /* ConstantError.swift in Sources */,
				1E847B052ACD11840010CBAC /* ApiService.swift in Sources */,
				1E847B092ACD159F0010CBAC /* NavigationDrawer.swift in Sources */,
				1E847B022ACD11490010CBAC /* Constant.swift in Sources */,
			);
			runOnlyForDeploymentPostprocessing = 0;
		};
/* End PBXSourcesBuildPhase section */

/* Begin XCBuildConfiguration section */
		1E847AF52ACCF82B0010CBAC /* Debug */ = {
			isa = XCBuildConfiguration;
			buildSettings = {
				ALWAYS_SEARCH_USER_PATHS = NO;
				CLANG_ANALYZER_NONNULL = YES;
				CLANG_ANALYZER_NUMBER_OBJECT_CONVERSION = YES_AGGRESSIVE;
				CLANG_CXX_LANGUAGE_STANDARD = "gnu++20";
				CLANG_ENABLE_MODULES = YES;
				CLANG_ENABLE_OBJC_ARC = YES;
				CLANG_ENABLE_OBJC_WEAK = YES;
				CLANG_WARN_BLOCK_CAPTURE_AUTORELEASING = YES;
				CLANG_WARN_BOOL_CONVERSION = YES;
				CLANG_WARN_COMMA = YES;
				CLANG_WARN_CONSTANT_CONVERSION = YES;
				CLANG_WARN_DEPRECATED_OBJC_IMPLEMENTATIONS = YES;
				CLANG_WARN_DIRECT_OBJC_ISA_USAGE = YES_ERROR;
				CLANG_WARN_DOCUMENTATION_COMMENTS = YES;
				CLANG_WARN_EMPTY_BODY = YES;
				CLANG_WARN_ENUM_CONVERSION = YES;
				CLANG_WARN_INFINITE_RECURSION = YES;
				CLANG_WARN_INT_CONVERSION = YES;
				CLANG_WARN_NON_LITERAL_NULL_CONVERSION = YES;
				CLANG_WARN_OBJC_IMPLICIT_RETAIN_SELF = YES;
				CLANG_WARN_OBJC_LITERAL_CONVERSION = YES;
				CLANG_WARN_OBJC_ROOT_CLASS = YES_ERROR;
				CLANG_WARN_QUOTED_INCLUDE_IN_FRAMEWORK_HEADER = YES;
				CLANG_WARN_RANGE_LOOP_ANALYSIS = YES;
				CLANG_WARN_STRICT_PROTOTYPES = YES;
				CLANG_WARN_SUSPICIOUS_MOVE = YES;
				CLANG_WARN_UNGUARDED_AVAILABILITY = YES_AGGRESSIVE;
				CLANG_WARN_UNREACHABLE_CODE = YES;
				CLANG_WARN__DUPLICATE_METHOD_MATCH = YES;
				COPY_PHASE_STRIP = NO;
				DEBUG_INFORMATION_FORMAT = dwarf;
				ENABLE_STRICT_OBJC_MSGSEND = YES;
				ENABLE_TESTABILITY = YES;
				GCC_C_LANGUAGE_STANDARD = gnu11;
				GCC_DYNAMIC_NO_PIC = NO;
				GCC_NO_COMMON_BLOCKS = YES;
				GCC_OPTIMIZATION_LEVEL = 0;
				GCC_PREPROCESSOR_DEFINITIONS = (
					"DEBUG=1",
					"$(inherited)",
				);
				GCC_WARN_64_TO_32_BIT_CONVERSION = YES;
				GCC_WARN_ABOUT_RETURN_TYPE = YES_ERROR;
				GCC_WARN_UNDECLARED_SELECTOR = YES;
				GCC_WARN_UNINITIALIZED_AUTOS = YES_AGGRESSIVE;
				GCC_WARN_UNUSED_FUNCTION = YES;
				GCC_WARN_UNUSED_VARIABLE = YES;
				IPHONEOS_DEPLOYMENT_TARGET = 16.4;
				MTL_ENABLE_DEBUG_INFO = INCLUDE_SOURCE;
				MTL_FAST_MATH = YES;
				ONLY_ACTIVE_ARCH = YES;
				SDKROOT = iphoneos;
				SWIFT_ACTIVE_COMPILATION_CONDITIONS = DEBUG;
				SWIFT_OPTIMIZATION_LEVEL = "-Onone";
			};
			name = Debug;
		};
		1E847AF62ACCF82B0010CBAC /* Release */ = {
			isa = XCBuildConfiguration;
			buildSettings = {
				ALWAYS_SEARCH_USER_PATHS = NO;
				CLANG_ANALYZER_NONNULL = YES;
				CLANG_ANALYZER_NUMBER_OBJECT_CONVERSION = YES_AGGRESSIVE;
				CLANG_CXX_LANGUAGE_STANDARD = "gnu++20";
				CLANG_ENABLE_MODULES = YES;
				CLANG_ENABLE_OBJC_ARC = YES;
				CLANG_ENABLE_OBJC_WEAK = YES;
				CLANG_WARN_BLOCK_CAPTURE_AUTORELEASING = YES;
				CLANG_WARN_BOOL_CONVERSION = YES;
				CLANG_WARN_COMMA = YES;
				CLANG_WARN_CONSTANT_CONVERSION = YES;
				CLANG_WARN_DEPRECATED_OBJC_IMPLEMENTATIONS = YES;
				CLANG_WARN_DIRECT_OBJC_ISA_USAGE = YES_ERROR;
				CLANG_WARN_DOCUMENTATION_COMMENTS = YES;
				CLANG_WARN_EMPTY_BODY = YES;
				CLANG_WARN_ENUM_CONVERSION = YES;
				CLANG_WARN_INFINITE_RECURSION = YES;
				CLANG_WARN_INT_CONVERSION = YES;
				CLANG_WARN_NON_LITERAL_NULL_CONVERSION = YES;
				CLANG_WARN_OBJC_IMPLICIT_RETAIN_SELF = YES;
				CLANG_WARN_OBJC_LITERAL_CONVERSION = YES;
				CLANG_WARN_OBJC_ROOT_CLASS = YES_ERROR;
				CLANG_WARN_QUOTED_INCLUDE_IN_FRAMEWORK_HEADER = YES;
				CLANG_WARN_RANGE_LOOP_ANALYSIS = YES;
				CLANG_WARN_STRICT_PROTOTYPES = YES;
				CLANG_WARN_SUSPICIOUS_MOVE = YES;
				CLANG_WARN_UNGUARDED_AVAILABILITY = YES_AGGRESSIVE;
				CLANG_WARN_UNREACHABLE_CODE = YES;
				CLANG_WARN__DUPLICATE_METHOD_MATCH = YES;
				COPY_PHASE_STRIP = NO;
				DEBUG_INFORMATION_FORMAT = "dwarf-with-dsym";
				ENABLE_NS_ASSERTIONS = NO;
				ENABLE_STRICT_OBJC_MSGSEND = YES;
				GCC_C_LANGUAGE_STANDARD = gnu11;
				GCC_NO_COMMON_BLOCKS = YES;
				GCC_WARN_64_TO_32_BIT_CONVERSION = YES;
				GCC_WARN_ABOUT_RETURN_TYPE = YES_ERROR;
				GCC_WARN_UNDECLARED_SELECTOR = YES;
				GCC_WARN_UNINITIALIZED_AUTOS = YES_AGGRESSIVE;
				GCC_WARN_UNUSED_FUNCTION = YES;
				GCC_WARN_UNUSED_VARIABLE = YES;
				IPHONEOS_DEPLOYMENT_TARGET = 16.4;
				MTL_ENABLE_DEBUG_INFO = NO;
				MTL_FAST_MATH = YES;
				SDKROOT = iphoneos;
				SWIFT_COMPILATION_MODE = wholemodule;
				SWIFT_OPTIMIZATION_LEVEL = "-O";
				VALIDATE_PRODUCT = YES;
			};
			name = Release;
		};
		1E847AF82ACCF82B0010CBAC /* Debug */ = {
			isa = XCBuildConfiguration;
			buildSettings = {
				ASSETCATALOG_COMPILER_APPICON_NAME = AppIcon;
				ASSETCATALOG_COMPILER_GLOBAL_ACCENT_COLOR_NAME = AccentColor;
				CODE_SIGN_STYLE = Automatic;
				CURRENT_PROJECT_VERSION = 1;
				DEVELOPMENT_ASSET_PATHS = "\"lakupandai/Preview Content\"";
				DEVELOPMENT_TEAM = HH84WM9NY8;
				ENABLE_PREVIEWS = YES;
				GENERATE_INFOPLIST_FILE = YES;
				INFOPLIST_KEY_CFBundleDisplayName = "BPDDIY Agen";
				INFOPLIST_KEY_UIApplicationSceneManifest_Generation = YES;
				INFOPLIST_KEY_UIApplicationSupportsIndirectInputEvents = YES;
				INFOPLIST_KEY_UILaunchScreen_Generation = YES;
				INFOPLIST_KEY_UISupportedInterfaceOrientations = UIInterfaceOrientationPortrait;
				LD_RUNPATH_SEARCH_PATHS = (
					"$(inherited)",
					"@executable_path/Frameworks",
				);
				MARKETING_VERSION = 1.0;
				PRODUCT_BUNDLE_IDENTIFIER = com.dak.lakupandai;
				PRODUCT_NAME = "$(TARGET_NAME)";
				SUPPORTED_PLATFORMS = "iphoneos iphonesimulator";
				SUPPORTS_MACCATALYST = NO;
				SUPPORTS_MAC_DESIGNED_FOR_IPHONE_IPAD = NO;
				SWIFT_EMIT_LOC_STRINGS = YES;
				SWIFT_VERSION = 5.0;
				TARGETED_DEVICE_FAMILY = 1;
			};
			name = Debug;
		};
		1E847AF92ACCF82B0010CBAC /* Release */ = {
			isa = XCBuildConfiguration;
			buildSettings = {
				ASSETCATALOG_COMPILER_APPICON_NAME = AppIcon;
				ASSETCATALOG_COMPILER_GLOBAL_ACCENT_COLOR_NAME = AccentColor;
				CODE_SIGN_STYLE = Automatic;
				CURRENT_PROJECT_VERSION = 1;
				DEVELOPMENT_ASSET_PATHS = "\"lakupandai/Preview Content\"";
				DEVELOPMENT_TEAM = HH84WM9NY8;
				ENABLE_PREVIEWS = YES;
				GENERATE_INFOPLIST_FILE = YES;
				INFOPLIST_KEY_CFBundleDisplayName = "BPDDIY Agen";
				INFOPLIST_KEY_UIApplicationSceneManifest_Generation = YES;
				INFOPLIST_KEY_UIApplicationSupportsIndirectInputEvents = YES;
				INFOPLIST_KEY_UILaunchScreen_Generation = YES;
				INFOPLIST_KEY_UISupportedInterfaceOrientations = UIInterfaceOrientationPortrait;
				LD_RUNPATH_SEARCH_PATHS = (
					"$(inherited)",
					"@executable_path/Frameworks",
				);
				MARKETING_VERSION = 1.0;
				PRODUCT_BUNDLE_IDENTIFIER = com.dak.lakupandai;
				PRODUCT_NAME = "$(TARGET_NAME)";
				SUPPORTED_PLATFORMS = "iphoneos iphonesimulator";
				SUPPORTS_MACCATALYST = NO;
				SUPPORTS_MAC_DESIGNED_FOR_IPHONE_IPAD = NO;
				SWIFT_EMIT_LOC_STRINGS = YES;
				SWIFT_VERSION = 5.0;
				TARGETED_DEVICE_FAMILY = 1;
			};
			name = Release;
		};
/* End XCBuildConfiguration section */

/* Begin XCConfigurationList section */
		1E847AE42ACCF8280010CBAC /* Build configuration list for PBXProject "lakupandai" */ = {
			isa = XCConfigurationList;
			buildConfigurations = (
				1E847AF52ACCF82B0010CBAC /* Debug */,
				1E847AF62ACCF82B0010CBAC /* Release */,
			);
			defaultConfigurationIsVisible = 0;
			defaultConfigurationName = Release;
		};
		1E847AF72ACCF82B0010CBAC /* Build configuration list for PBXNativeTarget "lakupandai" */ = {
			isa = XCConfigurationList;
			buildConfigurations = (
				1E847AF82ACCF82B0010CBAC /* Debug */,
				1E847AF92ACCF82B0010CBAC /* Release */,
			);
			defaultConfigurationIsVisible = 0;
			defaultConfigurationName = Release;
		};
/* End XCConfigurationList section */
	};
	rootObject = 1E847AE12ACCF8280010CBAC /* Project object */;
}
